{
  "object": {
    "pins": [
      {
        "package": "Resolver",
        "repositoryURL": "https://github.com/hmlongco/Resolver",
        "state": {
          "branch": "master",
          "revision": "bd565aae33a08dd4e10747bfb98e2bf8a63bfa28",
          "version": null
        }
      }
    ]
  },
  "version": 1
}
